// !$*UTF8*$!
{
	archiveVersion = 1;
	classes = {
	};
	objectVersion = 50;
	objects = {

/* Begin PBXBuildFile section */
		B9D5BE6C26BEAAFD00280310 /* AppDelegate.swift in Sources */ = {isa = PBXBuildFile; fileRef = B9D5BE6B26BEAAFD00280310 /* AppDelegate.swift */; };
		B9D5BE6E26BEAAFD00280310 /* SceneDelegate.swift in Sources */ = {isa = PBXBuildFile; fileRef = B9D5BE6D26BEAAFD00280310 /* SceneDelegate.swift */; };
		B9D5BE7026BEAAFD00280310 /* ViewController.swift in Sources */ = {isa = PBXBuildFile; fileRef = B9D5BE6F26BEAAFD00280310 /* ViewController.swift */; };
		B9D5BE7326BEAAFD00280310 /* Main.storyboard in Resources */ = {isa = PBXBuildFile; fileRef = B9D5BE7126BEAAFD00280310 /* Main.storyboard */; };
		B9D5BE7526BEAAFE00280310 /* Assets.xcassets in Resources */ = {isa = PBXBuildFile; fileRef = B9D5BE7426BEAAFE00280310 /* Assets.xcassets */; };
		B9D5BE7826BEAAFE00280310 /* LaunchScreen.storyboard in Resources */ = {isa = PBXBuildFile; fileRef = B9D5BE7626BEAAFE00280310 /* LaunchScreen.storyboard */; };
		B9D5BE8326BEAAFE00280310 /* prework_tipcalcTests.swift in Sources */ = {isa = PBXBuildFile; fileRef = B9D5BE8226BEAAFE00280310 /* prework_tipcalcTests.swift */; };
		B9D5BE8E26BEAAFE00280310 /* prework_tipcalcUITests.swift in Sources */ = {isa = PBXBuildFile; fileRef = B9D5BE8D26BEAAFE00280310 /* prework_tipcalcUITests.swift */; };
/* End PBXBuildFile section */

/* Begin PBXContainerItemProxy section */
		B9D5BE7F26BEAAFE00280310 /* PBXContainerItemProxy */ = {
			isa = PBXContainerItemProxy;
			containerPortal = B9D5BE6026BEAAFD00280310 /* Project object */;
			proxyType = 1;
			remoteGlobalIDString = B9D5BE6726BEAAFD00280310;
			remoteInfo = prework_tipcalc;
		};
		B9D5BE8A26BEAAFE00280310 /* PBXContainerItemProxy */ = {
			isa = PBXContainerItemProxy;
			containerPortal = B9D5BE6026BEAAFD00280310 /* Project object */;
			proxyType = 1;
			remoteGlobalIDString = B9D5BE6726BEAAFD00280310;
			remoteInfo = prework_tipcalc;
		};
/* End PBXContainerItemProxy section */

/* Begin PBXFileReference section */
		B9D5BE6826BEAAFD00280310 /* prework_tipcalc.app */ = {isa = PBXFileReference; explicitFileType = wrapper.application; includeInIndex = 0; path = prework_tipcalc.app; sourceTree = BUILT_PRODUCTS_DIR; };
		B9D5BE6B26BEAAFD00280310 /* AppDelegate.swift */ = {isa = PBXFileReference; lastKnownFileType = sourcecode.swift; path = AppDelegate.swift; sourceTree = "<group>"; };
		B9D5BE6D26BEAAFD00280310 /* SceneDelegate.swift */ = {isa = PBXFileReference; lastKnownFileType = sourcecode.swift; path = SceneDelegate.swift; sourceTree = "<group>"; };
		B9D5BE6F26BEAAFD00280310 /* ViewController.swift */ = {isa = PBXFileReference; lastKnownFileType = sourcecode.swift; path = ViewController.swift; sourceTree = "<group>"; };
		B9D5BE7226BEAAFD00280310 /* Base */ = {isa = PBXFileReference; lastKnownFileType = file.storyboard; name = Base; path = Base.lproj/Main.storyboard; sourceTree = "<group>"; };
		B9D5BE7426BEAAFE00280310 /* Assets.xcassets */ = {isa = PBXFileReference; lastKnownFileType = folder.assetcatalog; path = Assets.xcassets; sourceTree = "<group>"; };
		B9D5BE7726BEAAFE00280310 /* Base */ = {isa = PBXFileReference; lastKnownFileType = file.storyboard; name = Base; path = Base.lproj/LaunchScreen.storyboard; sourceTree = "<group>"; };
		B9D5BE7926BEAAFE00280310 /* Info.plist */ = {isa = PBXFileReference; lastKnownFileType = text.plist.xml; path = Info.plist; sourceTree = "<group>"; };
		B9D5BE7E26BEAAFE00280310 /* prework_tipcalcTests.xctest */ = {isa = PBXFileReference; explicitFileType = wrapper.cfbundle; includeInIndex = 0; path = prework_tipcalcTests.xctest; sourceTree = BUILT_PRODUCTS_DIR; };
		B9D5BE8226BEAAFE00280310 /* prework_tipcalcTests.swift */ = {isa = PBXFileReference; lastKnownFileType = sourcecode.swift; path = prework_tipcalcTests.swift; sourceTree = "<group>"; };
		B9D5BE8426BEAAFE00280310 /* Info.plist */ = {isa = PBXFileReference; lastKnownFileType = text.plist.xml; path = Info.plist; sourceTree = "<group>"; };
		B9D5BE8926BEAAFE00280310 /* prework_tipcalcUITests.xctest */ = {isa = PBXFileReference; explicitFileType = wrapper.cfbundle; includeInIndex = 0; path = prework_tipcalcUITests.xctest; sourceTree = BUILT_PRODUCTS_DIR; };
		B9D5BE8D26BEAAFE00280310 /* prework_tipcalcUITests.swift */ = {isa = PBXFileReference; lastKnownFileType = sourcecode.swift; path = prework_tipcalcUITests.swift; sourceTree = "<group>"; };
		B9D5BE8F26BEAAFE00280310 /* Info.plist */ = {isa = PBXFileReference; lastKnownFileType = text.plist.xml; path = Info.plist; sourceTree = "<group>"; };
/* End PBXFileReference section */

/* Begin PBXFrameworksBuildPhase section */
		B9D5BE6526BEAAFD00280310 /* Frameworks */ = {
			isa = PBXFrameworksBuildPhase;
			buildActionMask = 2147483647;
			files = (
			);
			runOnlyForDeploymentPostprocessing = 0;
		};
		B9D5BE7B26BEAAFE00280310 /* Frameworks */ = {
			isa = PBXFrameworksBuildPhase;
			buildActionMask = 2147483647;
			files = (
			);
			runOnlyForDeploymentPostprocessing = 0;
		};
		B9D5BE8626BEAAFE00280310 /* Frameworks */ = {
			isa = PBXFrameworksBuildPhase;
			buildActionMask = 2147483647;
			files = (
			);
			runOnlyForDeploymentPostprocessing = 0;
		};
/* End PBXFrameworksBuildPhase section */

/* Begin PBXGroup section */
		B9D5BE5F26BEAAFD00280310 = {
			isa = PBXGroup;
			children = (
				B9D5BE6A26BEAAFD00280310 /* prework_tipcalc */,
				B9D5BE8126BEAAFE00280310 /* prework_tipcalcTests */,
				B9D5BE8C26BEAAFE00280310 /* prework_tipcalcUITests */,
				B9D5BE6926BEAAFD00280310 /* Products */,
			);
			sourceTree = "<group>";
		};
		B9D5BE6926BEAAFD00280310 /* Products */ = {
			isa = PBXGroup;
			children = (
				B9D5BE6826BEAAFD00280310 /* prework_tipcalc.app */,
				B9D5BE7E26BEAAFE00280310 /* prework_tipcalcTests.xctest */,
				B9D5BE8926BEAAFE00280310 /* prework_tipcalcUITests.xctest */,
			);
			name = Products;
			sourceTree = "<group>";
		};
		B9D5BE6A26BEAAFD00280310 /* prework_tipcalc */ = {
			isa = PBXGroup;
			children = (
				B9D5BE6B26BEAAFD00280310 /* AppDelegate.swift */,
				B9D5BE6D26BEAAFD00280310 /* SceneDelegate.swift */,
				B9D5BE6F26BEAAFD00280310 /* ViewController.swift */,
				B9D5BE7126BEAAFD00280310 /* Main.storyboard */,
				B9D5BE7426BEAAFE00280310 /* Assets.xcassets */,
				B9D5BE7626BEAAFE00280310 /* LaunchScreen.storyboard */,
				B9D5BE7926BEAAFE00280310 /* Info.plist */,
			);
			path = prework_tipcalc;
			sourceTree = "<group>";
		};
		B9D5BE8126BEAAFE00280310 /* prework_tipcalcTests */ = {
			isa = PBXGroup;
			children = (
				B9D5BE8226BEAAFE00280310 /* prework_tipcalcTests.swift */,
				B9D5BE8426BEAAFE00280310 /* Info.plist */,
			);
			path = prework_tipcalcTests;
			sourceTree = "<group>";
		};
		B9D5BE8C26BEAAFE00280310 /* prework_tipcalcUITests */ = {
			isa = PBXGroup;
			children = (
				B9D5BE8D26BEAAFE00280310 /* prework_tipcalcUITests.swift */,
				B9D5BE8F26BEAAFE00280310 /* Info.plist */,
			);
			path = prework_tipcalcUITests;
			sourceTree = "<group>";
		};
/* End PBXGroup section */

/* Begin PBXNativeTarget section */
		B9D5BE6726BEAAFD00280310 /* prework_tipcalc */ = {
			isa = PBXNativeTarget;
			buildConfigurationList = B9D5BE9226BEAAFE00280310 /* Build configuration list for PBXNativeTarget "prework_tipcalc" */;
			buildPhases = (
				B9D5BE6426BEAAFD00280310 /* Sources */,
				B9D5BE6526BEAAFD00280310 /* Frameworks */,
				B9D5BE6626BEAAFD00280310 /* Resources */,
			);
			buildRules = (
			);
			dependencies = (
			);
			name = prework_tipcalc;
			productName = prework_tipcalc;
			productReference = B9D5BE6826BEAAFD00280310 /* prework_tipcalc.app */;
			productType = "com.apple.product-type.application";
		};
		B9D5BE7D26BEAAFE00280310 /* prework_tipcalcTests */ = {
			isa = PBXNativeTarget;
			buildConfigurationList = B9D5BE9526BEAAFE00280310 /* Build configuration list for PBXNativeTarget "prework_tipcalcTests" */;
			buildPhases = (
				B9D5BE7A26BEAAFE00280310 /* Sources */,
				B9D5BE7B26BEAAFE00280310 /* Frameworks */,
				B9D5BE7C26BEAAFE00280310 /* Resources */,
			);
			buildRules = (
			);
			dependencies = (
				B9D5BE8026BEAAFE00280310 /* PBXTargetDependency */,
			);
			name = prework_tipcalcTests;
			productName = prework_tipcalcTests;
			productReference = B9D5BE7E26BEAAFE00280310 /* prework_tipcalcTests.xctest */;
			productType = "com.apple.product-type.bundle.unit-test";
		};
		B9D5BE8826BEAAFE00280310 /* prework_tipcalcUITests */ = {
			isa = PBXNativeTarget;
			buildConfigurationList = B9D5BE9826BEAAFE00280310 /* Build configuration list for PBXNativeTarget "prework_tipcalcUITests" */;
			buildPhases = (
				B9D5BE8526BEAAFE00280310 /* Sources */,
				B9D5BE8626BEAAFE00280310 /* Frameworks */,
				B9D5BE8726BEAAFE00280310 /* Resources */,
			);
			buildRules = (
			);
			dependencies = (
				B9D5BE8B26BEAAFE00280310 /* PBXTargetDependency */,
			);
			name = prework_tipcalcUITests;
			productName = prework_tipcalcUITests;
			productReference = B9D5BE8926BEAAFE00280310 /* prework_tipcalcUITests.xctest */;
			productType = "com.apple.product-type.bundle.ui-testing";
		};
/* End PBXNativeTarget section */

/* Begin PBXProject section */
		B9D5BE6026BEAAFD00280310 /* Project object */ = {
			isa = PBXProject;
			attributes = {
				LastSwiftUpdateCheck = 1250;
				LastUpgradeCheck = 1250;
				TargetAttributes = {
					B9D5BE6726BEAAFD00280310 = {
						CreatedOnToolsVersion = 12.5.1;
					};
					B9D5BE7D26BEAAFE00280310 = {
						CreatedOnToolsVersion = 12.5.1;
						TestTargetID = B9D5BE6726BEAAFD00280310;
					};
					B9D5BE8826BEAAFE00280310 = {
						CreatedOnToolsVersion = 12.5.1;
						TestTargetID = B9D5BE6726BEAAFD00280310;
					};
				};
			};
			buildConfigurationList = B9D5BE6326BEAAFD00280310 /* Build configuration list for PBXProject "prework_tipcalc" */;
			compatibilityVersion = "Xcode 9.3";
			developmentRegion = en;
			hasScannedForEncodings = 0;
			knownRegions = (
				en,
				Base,
			);
			mainGroup = B9D5BE5F26BEAAFD00280310;
			productRefGroup = B9D5BE6926BEAAFD00280310 /* Products */;
			projectDirPath = "";
			projectRoot = "";
			targets = (
				B9D5BE6726BEAAFD00280310 /* prework_tipcalc */,
				B9D5BE7D26BEAAFE00280310 /* prework_tipcalcTests */,
				B9D5BE8826BEAAFE00280310 /* prework_tipcalcUITests */,
			);
		};
/* End PBXProject section */

/* Begin PBXResourcesBuildPhase section */
		B9D5BE6626BEAAFD00280310 /* Resources */ = {
			isa = PBXResourcesBuildPhase;
			buildActionMask = 2147483647;
			files = (
				B9D5BE7826BEAAFE00280310 /* LaunchScreen.storyboard in Resources */,
				B9D5BE7526BEAAFE00280310 /* Assets.xcassets in Resources */,
				B9D5BE7326BEAAFD00280310 /* Main.storyboard in Resources */,
			);
			runOnlyForDeploymentPostprocessing = 0;
		};
		B9D5BE7C26BEAAFE00280310 /* Resources */ = {
			isa = PBXResourcesBuildPhase;
			buildActionMask = 2147483647;
			files = (
			);
			runOnlyForDeploymentPostprocessing = 0;
		};
		B9D5BE8726BEAAFE00280310 /* Resources */ = {
			isa = PBXResourcesBuildPhase;
			buildActionMask = 2147483647;
			files = (
			);
			runOnlyForDeploymentPostprocessing = 0;
		};
/* End PBXResourcesBuildPhase section */

/* Begin PBXSourcesBuildPhase section */
		B9D5BE6426BEAAFD00280310 /* Sources */ = {
			isa = PBXSourcesBuildPhase;
			buildActionMask = 2147483647;
			files = (
				B9D5BE7026BEAAFD00280310 /* ViewController.swift in Sources */,
				B9D5BE6C26BEAAFD00280310 /* AppDelegate.swift in Sources */,
				B9D5BE6E26BEAAFD00280310 /* SceneDelegate.swift in Sources */,
			);
			runOnlyForDeploymentPostprocessing = 0;
		};
		B9D5BE7A26BEAAFE00280310 /* Sources */ = {
			isa = PBXSourcesBuildPhase;
			buildActionMask = 2147483647;
			files = (
				B9D5BE8326BEAAFE00280310 /* prework_tipcalcTests.swift in Sources */,
			);
			runOnlyForDeploymentPostprocessing = 0;
		};
		B9D5BE8526BEAAFE00280310 /* Sources */ = {
			isa = PBXSourcesBuildPhase;
			buildActionMask = 2147483647;
			files = (
				B9D5BE8E26BEAAFE00280310 /* prework_tipcalcUITests.swift in Sources */,
			);
			runOnlyForDeploymentPostprocessing = 0;
		};
/* End PBXSourcesBuildPhase section */

/* Begin PBXTargetDependency section */
		B9D5BE8026BEAAFE00280310 /* PBXTargetDependency */ = {
			isa = PBXTargetDependency;
			target = B9D5BE6726BEAAFD00280310 /* prework_tipcalc */;
			targetProxy = B9D5BE7F26BEAAFE00280310 /* PBXContainerItemProxy */;
		};
		B9D5BE8B26BEAAFE00280310 /* PBXTargetDependency */ = {
			isa = PBXTargetDependency;
			target = B9D5BE6726BEAAFD00280310 /* prework_tipcalc */;
			targetProxy = B9D5BE8A26BEAAFE00280310 /* PBXContainerItemProxy */;
		};
/* End PBXTargetDependency section */

/* Begin PBXVariantGroup section */
		B9D5BE7126BEAAFD00280310 /* Main.storyboard */ = {
			isa = PBXVariantGroup;
			children = (
				B9D5BE7226BEAAFD00280310 /* Base */,
			);
			name = Main.storyboard;
			sourceTree = "<group>";
		};
		B9D5BE7626BEAAFE00280310 /* LaunchScreen.storyboard */ = {
			isa = PBXVariantGroup;
			children = (
				B9D5BE7726BEAAFE00280310 /* Base */,
			);
			name = LaunchScreen.storyboard;
			sourceTree = "<group>";
		};
/* End PBXVariantGroup section */

/* Begin XCBuildConfiguration section */
		B9D5BE9026BEAAFE00280310 /* Debug */ = {
			isa = XCBuildConfiguration;
			buildSettings = {
				ALWAYS_SEARCH_USER_PATHS = NO;
				CLANG_ANALYZER_NONNULL = YES;
				CLANG_ANALYZER_NUMBER_OBJECT_CONVERSION = YES_AGGRESSIVE;
				CLANG_CXX_LANGUAGE_STANDARD = "gnu++14";
				CLANG_CXX_LIBRARY = "libc++";
				CLANG_ENABLE_MODULES = YES;
				CLANG_ENABLE_OBJC_ARC = YES;
				CLANG_ENABLE_OBJC_WEAK = YES;
				CLANG_WARN_BLOCK_CAPTURE_AUTORELEASING = YES;
				CLANG_WARN_BOOL_CONVERSION = YES;
				CLANG_WARN_COMMA = YES;
				CLANG_WARN_CONSTANT_CONVERSION = YES;
				CLANG_WARN_DEPRECATED_OBJC_IMPLEMENTATIONS = YES;
				CLANG_WARN_DIRECT_OBJC_ISA_USAGE = YES_ERROR;
				CLANG_WARN_DOCUMENTATION_COMMENTS = YES;
				CLANG_WARN_EMPTY_BODY = YES;
				CLANG_WARN_ENUM_CONVERSION = YES;
				CLANG_WARN_INFINITE_RECURSION = YES;
				CLANG_WARN_INT_CONVERSION = YES;
				CLANG_WARN_NON_LITERAL_NULL_CONVERSION = YES;
				CLANG_WARN_OBJC_IMPLICIT_RETAIN_SELF = YES;
				CLANG_WARN_OBJC_LITERAL_CONVERSION = YES;
				CLANG_WARN_OBJC_ROOT_CLASS = YES_ERROR;
				CLANG_WARN_QUOTED_INCLUDE_IN_FRAMEWORK_HEADER = YES;
				CLANG_WARN_RANGE_LOOP_ANALYSIS = YES;
				CLANG_WARN_STRICT_PROTOTYPES = YES;
				CLANG_WARN_SUSPICIOUS_MOVE = YES;
				CLANG_WARN_UNGUARDED_AVAILABILITY = YES_AGGRESSIVE;
				CLANG_WARN_UNREACHABLE_CODE = YES;
				CLANG_WARN__DUPLICATE_METHOD_MATCH = YES;
				COPY_PHASE_STRIP = NO;
				DEBUG_INFORMATION_FORMAT = dwarf;
				ENABLE_STRICT_OBJC_MSGSEND = YES;
				ENABLE_TESTABILITY = YES;
				GCC_C_LANGUAGE_STANDARD = gnu11;
				GCC_DYNAMIC_NO_PIC = NO;
				GCC_NO_COMMON_BLOCKS = YES;
				GCC_OPTIMIZATION_LEVEL = 0;
				GCC_PREPROCESSOR_DEFINITIONS = (
					"DEBUG=1",
					"$(inherited)",
				);
				GCC_WARN_64_TO_32_BIT_CONVERSION = YES;
				GCC_WARN_ABOUT_RETURN_TYPE = YES_ERROR;
				GCC_WARN_UNDECLARED_SELECTOR = YES;
				GCC_WARN_UNINITIALIZED_AUTOS = YES_AGGRESSIVE;
				GCC_WARN_UNUSED_FUNCTION = YES;
				GCC_WARN_UNUSED_VARIABLE = YES;
				IPHONEOS_DEPLOYMENT_TARGET = 14.5;
				MTL_ENABLE_DEBUG_INFO = INCLUDE_SOURCE;
				MTL_FAST_MATH = YES;
				ONLY_ACTIVE_ARCH = YES;
				SDKROOT = iphoneos;
				SWIFT_ACTIVE_COMPILATION_CONDITIONS = DEBUG;
				SWIFT_OPTIMIZATION_LEVEL = "-Onone";
			};
			name = Debug;
		};
		B9D5BE9126BEAAFE00280310 /* Release */ = {
			isa = XCBuildConfiguration;
			buildSettings = {
				ALWAYS_SEARCH_USER_PATHS = NO;
				CLANG_ANALYZER_NONNULL = YES;
				CLANG_ANALYZER_NUMBER_OBJECT_CONVERSION = YES_AGGRESSIVE;
				CLANG_CXX_LANGUAGE_STANDARD = "gnu++14";
				CLANG_CXX_LIBRARY = "libc++";
				CLANG_ENABLE_MODULES = YES;
				CLANG_ENABLE_OBJC_ARC = YES;
				CLANG_ENABLE_OBJC_WEAK = YES;
				CLANG_WARN_BLOCK_CAPTURE_AUTORELEASING = YES;
				CLANG_WARN_BOOL_CONVERSION = YES;
				CLANG_WARN_COMMA = YES;
				CLANG_WARN_CONSTANT_CONVERSION = YES;
				CLANG_WARN_DEPRECATED_OBJC_IMPLEMENTATIONS = YES;
				CLANG_WARN_DIRECT_OBJC_ISA_USAGE = YES_ERROR;
				CLANG_WARN_DOCUMENTATION_COMMENTS = YES;
				CLANG_WARN_EMPTY_BODY = YES;
				CLANG_WARN_ENUM_CONVERSION = YES;
				CLANG_WARN_INFINITE_RECURSION = YES;
				CLANG_WARN_INT_CONVERSION = YES;
				CLANG_WARN_NON_LITERAL_NULL_CONVERSION = YES;
				CLANG_WARN_OBJC_IMPLICIT_RETAIN_SELF = YES;
				CLANG_WARN_OBJC_LITERAL_CONVERSION = YES;
				CLANG_WARN_OBJC_ROOT_CLASS = YES_ERROR;
				CLANG_WARN_QUOTED_INCLUDE_IN_FRAMEWORK_HEADER = YES;
				CLANG_WARN_RANGE_LOOP_ANALYSIS = YES;
				CLANG_WARN_STRICT_PROTOTYPES = YES;
				CLANG_WARN_SUSPICIOUS_MOVE = YES;
				CLANG_WARN_UNGUARDED_AVAILABILITY = YES_AGGRESSIVE;
				CLANG_WARN_UNREACHABLE_CODE = YES;
				CLANG_WARN__DUPLICATE_METHOD_MATCH = YES;
				COPY_PHASE_STRIP = NO;
				DEBUG_INFORMATION_FORMAT = "dwarf-with-dsym";
				ENABLE_NS_ASSERTIONS = NO;
				ENABLE_STRICT_OBJC_MSGSEND = YES;
				GCC_C_LANGUAGE_STANDARD = gnu11;
				GCC_NO_COMMON_BLOCKS = YES;
				GCC_WARN_64_TO_32_BIT_CONVERSION = YES;
				GCC_WARN_ABOUT_RETURN_TYPE = YES_ERROR;
				GCC_WARN_UNDECLARED_SELECTOR = YES;
				GCC_WARN_UNINITIALIZED_AUTOS = YES_AGGRESSIVE;
				GCC_WARN_UNUSED_FUNCTION = YES;
				GCC_WARN_UNUSED_VARIABLE = YES;
				IPHONEOS_DEPLOYMENT_TARGET = 14.5;
				MTL_ENABLE_DEBUG_INFO = NO;
				MTL_FAST_MATH = YES;
				SDKROOT = iphoneos;
				SWIFT_COMPILATION_MODE = wholemodule;
				SWIFT_OPTIMIZATION_LEVEL = "-O";
				VALIDATE_PRODUCT = YES;
			};
			name = Release;
		};
		B9D5BE9326BEAAFE00280310 /* Debug */ = {
			isa = XCBuildConfiguration;
			buildSettings = {
				ASSETCATALOG_COMPILER_APPICON_NAME = AppIcon;
				ASSETCATALOG_COMPILER_GLOBAL_ACCENT_COLOR_NAME = AccentColor;
				CODE_SIGN_STYLE = Automatic;
				INFOPLIST_FILE = prework_tipcalc/Info.plist;
				LD_RUNPATH_SEARCH_PATHS = (
					"$(inherited)",
					"@executable_path/Frameworks",
				);
				PRODUCT_BUNDLE_IDENTIFIER = "maimunaz.prework-tipcalc";
				PRODUCT_NAME = "$(TARGET_NAME)";
				SWIFT_VERSION = 5.0;
				TARGETED_DEVICE_FAMILY = "1,2";
			};
			name = Debug;
		};
		B9D5BE9426BEAAFE00280310 /* Release */ = {
			isa = XCBuildConfiguration;
			buildSettings = {
				ASSETCATALOG_COMPILER_APPICON_NAME = AppIcon;
				ASSETCATALOG_COMPILER_GLOBAL_ACCENT_COLOR_NAME = AccentColor;
				CODE_SIGN_STYLE = Automatic;
				INFOPLIST_FILE = prework_tipcalc/Info.plist;
				LD_RUNPATH_SEARCH_PATHS = (
					"$(inherited)",
					"@executable_path/Frameworks",
				);
				PRODUCT_BUNDLE_IDENTIFIER = "maimunaz.prework-tipcalc";
				PRODUCT_NAME = "$(TARGET_NAME)";
				SWIFT_VERSION = 5.0;
				TARGETED_DEVICE_FAMILY = "1,2";
			};
			name = Release;
		};
		B9D5BE9626BEAAFE00280310 /* Debug */ = {
			isa = XCBuildConfiguration;
			buildSettings = {
				ALWAYS_EMBED_SWIFT_STANDARD_LIBRARIES = YES;
				BUNDLE_LOADER = "$(TEST_HOST)";
				CODE_SIGN_STYLE = Automatic;
				INFOPLIST_FILE = prework_tipcalcTests/Info.plist;
				IPHONEOS_DEPLOYMENT_TARGET = 14.5;
				LD_RUNPATH_SEARCH_PATHS = (
					"$(inherited)",
					"@executable_path/Frameworks",
					"@loader_path/Frameworks",
				);
				PRODUCT_BUNDLE_IDENTIFIER = "maimunaz.prework-tipcalcTests";
				PRODUCT_NAME = "$(TARGET_NAME)";
				SWIFT_VERSION = 5.0;
				TARGETED_DEVICE_FAMILY = "1,2";
				TEST_HOST = "$(BUILT_PRODUCTS_DIR)/prework_tipcalc.app/prework_tipcalc";
			};
			name = Debug;
		};
		B9D5BE9726BEAAFE00280310 /* Release */ = {
			isa = XCBuildConfiguration;
			buildSettings = {
				ALWAYS_EMBED_SWIFT_STANDARD_LIBRARIES = YES;
				BUNDLE_LOADER = "$(TEST_HOST)";
				CODE_SIGN_STYLE = Automatic;
				INFOPLIST_FILE = prework_tipcalcTests/Info.plist;
				IPHONEOS_DEPLOYMENT_TARGET = 14.5;
				LD_RUNPATH_SEARCH_PATHS = (
					"$(inherited)",
					"@executable_path/Frameworks",
					"@loader_path/Frameworks",
				);
				PRODUCT_BUNDLE_IDENTIFIER = "maimunaz.prework-tipcalcTests";
				PRODUCT_NAME = "$(TARGET_NAME)";
				SWIFT_VERSION = 5.0;
				TARGETED_DEVICE_FAMILY = "1,2";
				TEST_HOST = "$(BUILT_PRODUCTS_DIR)/prework_tipcalc.app/prework_tipcalc";
			};
			name = Release;
		};
		B9D5BE9926BEAAFE00280310 /* Debug */ = {
			isa = XCBuildConfiguration;
			buildSettings = {
				ALWAYS_EMBED_SWIFT_STANDARD_LIBRARIES = YES;
				CODE_SIGN_STYLE = Automatic;
				INFOPLIST_FILE = prework_tipcalcUITests/Info.plist;
				LD_RUNPATH_SEARCH_PATHS = (
					"$(inherited)",
					"@executable_path/Frameworks",
					"@loader_path/Frameworks",
				);
				PRODUCT_BUNDLE_IDENTIFIER = "maimunaz.prework-tipcalcUITests";
				PRODUCT_NAME = "$(TARGET_NAME)";
				SWIFT_VERSION = 5.0;
				TARGETED_DEVICE_FAMILY = "1,2";
				TEST_TARGET_NAME = prework_tipcalc;
			};
			name = Debug;
		};
		B9D5BE9A26BEAAFE00280310 /* Release */ = {
			isa = XCBuildConfiguration;
			buildSettings = {
				ALWAYS_EMBED_SWIFT_STANDARD_LIBRARIES = YES;
				CODE_SIGN_STYLE = Automatic;
				INFOPLIST_FILE = prework_tipcalcUITests/Info.plist;
				LD_RUNPATH_SEARCH_PATHS = (
					"$(inherited)",
					"@executable_path/Frameworks",
					"@loader_path/Frameworks",
				);
				PRODUCT_BUNDLE_IDENTIFIER = "maimunaz.prework-tipcalcUITests";
				PRODUCT_NAME = "$(TARGET_NAME)";
				SWIFT_VERSION = 5.0;
				TARGETED_DEVICE_FAMILY = "1,2";
				TEST_TARGET_NAME = prework_tipcalc;
			};
			name = Release;
		};
/* End XCBuildConfiguration section */

/* Begin XCConfigurationList section */
		B9D5BE6326BEAAFD00280310 /* Build configuration list for PBXProject "prework_tipcalc" */ = {
			isa = XCConfigurationList;
			buildConfigurations = (
				B9D5BE9026BEAAFE00280310 /* Debug */,
				B9D5BE9126BEAAFE00280310 /* Release */,
			);
			defaultConfigurationIsVisible = 0;
			defaultConfigurationName = Release;
		};
		B9D5BE9226BEAAFE00280310 /* Build configuration list for PBXNativeTarget "prework_tipcalc" */ = {
			isa = XCConfigurationList;
			buildConfigurations = (
				B9D5BE9326BEAAFE00280310 /* Debug */,
				B9D5BE9426BEAAFE00280310 /* Release */,
			);
			defaultConfigurationIsVisible = 0;
			defaultConfigurationName = Release;
		};
		B9D5BE9526BEAAFE00280310 /* Build configuration list for PBXNativeTarget "prework_tipcalcTests" */ = {
			isa = XCConfigurationList;
			buildConfigurations = (
				B9D5BE9626BEAAFE00280310 /* Debug */,
				B9D5BE9726BEAAFE00280310 /* Release */,
			);
			defaultConfigurationIsVisible = 0;
			defaultConfigurationName = Release;
		};
		B9D5BE9826BEAAFE00280310 /* Build configuration list for PBXNativeTarget "prework_tipcalcUITests" */ = {
			isa = XCConfigurationList;
			buildConfigurations = (
				B9D5BE9926BEAAFE00280310 /* Debug */,
				B9D5BE9A26BEAAFE00280310 /* Release */,
			);
			defaultConfigurationIsVisible = 0;
			defaultConfigurationName = Release;
		};
/* End XCConfigurationList section */
	};
	rootObject = B9D5BE6026BEAAFD00280310 /* Project object */;
}
